
Microsoft Visual Studio Solution File, Format Version 12.00
# Visual Studio Version 17
VisualStudioVersion = 17.5.002.0
MinimumVisualStudioVersion = 10.0.40219.1
Project("{2150E333-8FDC-42A3-9474-1A3956D46DE8}") = "src", "src", "{A47CCB0D-C301-4A31-B530-0E88FC9B7A34}"
EndProject
Project("{9A19103F-16F7-4668-BE54-9A1E7A4F7556}") = "LeetCode", "src\LeetCode\LeetCode.csproj", "{7F56C92D-D841-4CCC-BB6F-384E0C98CC00}"
EndProject
Global
	GlobalSection(SolutionConfigurationPlatforms) = preSolution
		Debug|Any CPU = Debug|Any CPU
		Release|Any CPU = Release|Any CPU
	EndGlobalSection
	GlobalSection(ProjectConfigurationPlatforms) = postSolution
		{7F56C92D-D841-4CCC-BB6F-384E0C98CC00}.Debug|Any CPU.ActiveCfg = Debug|Any CPU
		{7F56C92D-D841-4CCC-BB6F-384E0C98CC00}.Debug|Any CPU.Build.0 = Debug|Any CPU
		{7F56C92D-D841-4CCC-BB6F-384E0C98CC00}.Release|Any CPU.ActiveCfg = Release|Any CPU
		{7F56C92D-D841-4CCC-BB6F-384E0C98CC00}.Release|Any CPU.Build.0 = Release|Any CPU
	EndGlobalSection
	GlobalSection(SolutionProperties) = preSolution
		HideSolutionNode = FALSE
	EndGlobalSection
	GlobalSection(NestedProjects) = preSolution
		{7F56C92D-D841-4CCC-BB6F-384E0C98CC00} = {A47CCB0D-C301-4A31-B530-0E88FC9B7A34}
	EndGlobalSection
	GlobalSection(ExtensibilityGlobals) = postSolution
		SolutionGuid = {6F9A6BB0-3824-43D4-8893-28749BBEA4AD}
	EndGlobalSection
EndGlobal
